
Microsoft Visual Studio Solution File, Format Version 12.00
# Visual Studio Version 16
VisualStudioVersion = 16.0.30114.105
MinimumVisualStudioVersion = 10.0.40219.1
Project("{FAE04EC0-301F-11D3-BF4B-00C04F79EFBC}") = "GraphQLProductApp", "GraphQL.NET\GraphQLProductApp.csproj", "{22051BE3-7D22-4F11-9FC8-523E717136FE}"
EndProject
Project("{FAE04EC0-301F-11D3-BF4B-00C04F79EFBC}") = "RestSharpDemoRider", "RestSharpDemoRider\RestSharpDemoRider\RestSharpDemoRider.csproj", "{D15BF078-345B-40A5-AEAE-986CB8B8F80C}"
EndProject
Project("{FAE04EC0-301F-11D3-BF4B-00C04F79EFBC}") = "RestSharpSpecflow", "RestSharpSpecflow\RestSharpSpecflow.csproj", "{06CCE49C-7E49-4A9B-97DB-ACC221838530}"
EndProject
Project("{2150E333-8FDC-42A3-9474-1A3956D46DE8}") = "Solution Items", "Solution Items", "{04E8473B-0313-45E1-9000-516012EB383A}"
	ProjectSection(SolutionItems) = preProject
		docker-compose.yml = docker-compose.yml
	EndProjectSection
EndProject
Global
	GlobalSection(SolutionConfigurationPlatforms) = preSolution
		Debug|Any CPU = Debug|Any CPU
		Release|Any CPU = Release|Any CPU
	EndGlobalSection
	GlobalSection(SolutionProperties) = preSolution
		HideSolutionNode = FALSE
	EndGlobalSection
	GlobalSection(ProjectConfigurationPlatforms) = postSolution
		{22051BE3-7D22-4F11-9FC8-523E717136FE}.Debug|Any CPU.ActiveCfg = Debug|Any CPU
		{22051BE3-7D22-4F11-9FC8-523E717136FE}.Debug|Any CPU.Build.0 = Debug|Any CPU
		{22051BE3-7D22-4F11-9FC8-523E717136FE}.Release|Any CPU.ActiveCfg = Release|Any CPU
		{22051BE3-7D22-4F11-9FC8-523E717136FE}.Release|Any CPU.Build.0 = Release|Any CPU
		{D15BF078-345B-40A5-AEAE-986CB8B8F80C}.Debug|Any CPU.ActiveCfg = Debug|Any CPU
		{D15BF078-345B-40A5-AEAE-986CB8B8F80C}.Debug|Any CPU.Build.0 = Debug|Any CPU
		{D15BF078-345B-40A5-AEAE-986CB8B8F80C}.Release|Any CPU.ActiveCfg = Release|Any CPU
		{D15BF078-345B-40A5-AEAE-986CB8B8F80C}.Release|Any CPU.Build.0 = Release|Any CPU
		{06CCE49C-7E49-4A9B-97DB-ACC221838530}.Debug|Any CPU.ActiveCfg = Debug|Any CPU
		{06CCE49C-7E49-4A9B-97DB-ACC221838530}.Debug|Any CPU.Build.0 = Debug|Any CPU
		{06CCE49C-7E49-4A9B-97DB-ACC221838530}.Release|Any CPU.ActiveCfg = Release|Any CPU
		{06CCE49C-7E49-4A9B-97DB-ACC221838530}.Release|Any CPU.Build.0 = Release|Any CPU
	EndGlobalSection
EndGlobal
